// !$*UTF8*$!
{
	archiveVersion = 1;
	classes = {
	};
	objectVersion = 48;
	objects = {

/* Begin PBXBuildFile section */
		400A2523215EA7B5008EDEDC /* TVArchive.js in Resources */ = {isa = PBXBuildFile; fileRef = 400A2522215EA7B5008EDEDC /* TVArchive.js */; };
		40C9B6502156C8BF00BD1585 /* AppDelegate.swift in Sources */ = {isa = PBXBuildFile; fileRef = 40C9B64F2156C8BF00BD1585 /* AppDelegate.swift */; };
		40C9B6532156C8BF00BD1585 /* Assets.xcassets in Resources */ = {isa = PBXBuildFile; fileRef = 40C9B6522156C8BF00BD1585 /* Assets.xcassets */; };
		40C9B65E2156C8BF00BD1585 /* TVArchiveTests.swift in Sources */ = {isa = PBXBuildFile; fileRef = 40C9B65D2156C8BF00BD1585 /* TVArchiveTests.swift */; };
		40C9B6692156C8BF00BD1585 /* TVArchiveUITests.swift in Sources */ = {isa = PBXBuildFile; fileRef = 40C9B6682156C8BF00BD1585 /* TVArchiveUITests.swift */; };
/* End PBXBuildFile section */

/* Begin PBXContainerItemProxy section */
		40C9B65A2156C8BF00BD1585 /* PBXContainerItemProxy */ = {
			isa = PBXContainerItemProxy;
			containerPortal = 40C9B6442156C8BF00BD1585 /* Project object */;
			proxyType = 1;
			remoteGlobalIDString = 40C9B64B2156C8BF00BD1585;
			remoteInfo = TVArchive;
		};
		40C9B6652156C8BF00BD1585 /* PBXContainerItemProxy */ = {
			isa = PBXContainerItemProxy;
			containerPortal = 40C9B6442156C8BF00BD1585 /* Project object */;
			proxyType = 1;
			remoteGlobalIDString = 40C9B64B2156C8BF00BD1585;
			remoteInfo = TVArchive;
		};
/* End PBXContainerItemProxy section */

/* Begin PBXFileReference section */
		400A2522215EA7B5008EDEDC /* TVArchive.js */ = {isa = PBXFileReference; fileEncoding = 4; lastKnownFileType = sourcecode.javascript; path = TVArchive.js; sourceTree = "<group>"; };
		40C9B64C2156C8BF00BD1585 /* TVArchive.app */ = {isa = PBXFileReference; explicitFileType = wrapper.application; includeInIndex = 0; path = TVArchive.app; sourceTree = BUILT_PRODUCTS_DIR; };
		40C9B64F2156C8BF00BD1585 /* AppDelegate.swift */ = {isa = PBXFileReference; indentWidth = 4; lastKnownFileType = sourcecode.swift; path = AppDelegate.swift; sourceTree = "<group>"; tabWidth = 4; wrapsLines = 1; };
		40C9B6522156C8BF00BD1585 /* Assets.xcassets */ = {isa = PBXFileReference; lastKnownFileType = folder.assetcatalog; path = Assets.xcassets; sourceTree = "<group>"; };
		40C9B6542156C8BF00BD1585 /* Info.plist */ = {isa = PBXFileReference; lastKnownFileType = text.plist.xml; path = Info.plist; sourceTree = "<group>"; };
		40C9B6592156C8BF00BD1585 /* TVArchiveTests.xctest */ = {isa = PBXFileReference; explicitFileType = wrapper.cfbundle; includeInIndex = 0; path = TVArchiveTests.xctest; sourceTree = BUILT_PRODUCTS_DIR; };
		40C9B65D2156C8BF00BD1585 /* TVArchiveTests.swift */ = {isa = PBXFileReference; lastKnownFileType = sourcecode.swift; path = TVArchiveTests.swift; sourceTree = "<group>"; };
		40C9B65F2156C8BF00BD1585 /* Info.plist */ = {isa = PBXFileReference; lastKnownFileType = text.plist.xml; path = Info.plist; sourceTree = "<group>"; };
		40C9B6642156C8BF00BD1585 /* TVArchiveUITests.xctest */ = {isa = PBXFileReference; explicitFileType = wrapper.cfbundle; includeInIndex = 0; path = TVArchiveUITests.xctest; sourceTree = BUILT_PRODUCTS_DIR; };
		40C9B6682156C8BF00BD1585 /* TVArchiveUITests.swift */ = {isa = PBXFileReference; lastKnownFileType = sourcecode.swift; path = TVArchiveUITests.swift; sourceTree = "<group>"; };
		40C9B66A2156C8BF00BD1585 /* Info.plist */ = {isa = PBXFileReference; lastKnownFileType = text.plist.xml; path = Info.plist; sourceTree = "<group>"; };
/* End PBXFileReference section */

/* Begin PBXFrameworksBuildPhase section */
		40C9B6492156C8BF00BD1585 /* Frameworks */ = {
			isa = PBXFrameworksBuildPhase;
			buildActionMask = 2147483647;
			files = (
			);
			runOnlyForDeploymentPostprocessing = 0;
		};
		40C9B6562156C8BF00BD1585 /* Frameworks */ = {
			isa = PBXFrameworksBuildPhase;
			buildActionMask = 2147483647;
			files = (
			);
			runOnlyForDeploymentPostprocessing = 0;
		};
		40C9B6612156C8BF00BD1585 /* Frameworks */ = {
			isa = PBXFrameworksBuildPhase;
			buildActionMask = 2147483647;
			files = (
			);
			runOnlyForDeploymentPostprocessing = 0;
		};
/* End PBXFrameworksBuildPhase section */

/* Begin PBXGroup section */
		40C9B6432156C8BF00BD1585 = {
			isa = PBXGroup;
			children = (
				40C9B64E2156C8BF00BD1585 /* TVArchive */,
				40C9B65C2156C8BF00BD1585 /* TVArchiveTests */,
				40C9B6672156C8BF00BD1585 /* TVArchiveUITests */,
				40C9B64D2156C8BF00BD1585 /* Products */,
			);
			sourceTree = "<group>";
		};
		40C9B64D2156C8BF00BD1585 /* Products */ = {
			isa = PBXGroup;
			children = (
				40C9B64C2156C8BF00BD1585 /* TVArchive.app */,
				40C9B6592156C8BF00BD1585 /* TVArchiveTests.xctest */,
				40C9B6642156C8BF00BD1585 /* TVArchiveUITests.xctest */,
			);
			name = Products;
			sourceTree = "<group>";
		};
		40C9B64E2156C8BF00BD1585 /* TVArchive */ = {
			isa = PBXGroup;
			children = (
				40C9B64F2156C8BF00BD1585 /* AppDelegate.swift */,
				40C9B6522156C8BF00BD1585 /* Assets.xcassets */,
				40C9B6542156C8BF00BD1585 /* Info.plist */,
				400A2522215EA7B5008EDEDC /* TVArchive.js */,
			);
			path = TVArchive;
			sourceTree = "<group>";
		};
		40C9B65C2156C8BF00BD1585 /* TVArchiveTests */ = {
			isa = PBXGroup;
			children = (
				40C9B65D2156C8BF00BD1585 /* TVArchiveTests.swift */,
				40C9B65F2156C8BF00BD1585 /* Info.plist */,
			);
			path = TVArchiveTests;
			sourceTree = "<group>";
		};
		40C9B6672156C8BF00BD1585 /* TVArchiveUITests */ = {
			isa = PBXGroup;
			children = (
				40C9B6682156C8BF00BD1585 /* TVArchiveUITests.swift */,
				40C9B66A2156C8BF00BD1585 /* Info.plist */,
			);
			path = TVArchiveUITests;
			sourceTree = "<group>";
		};
/* End PBXGroup section */

/* Begin PBXNativeTarget section */
		40C9B64B2156C8BF00BD1585 /* TVArchive */ = {
			isa = PBXNativeTarget;
			buildConfigurationList = 40C9B66D2156C8BF00BD1585 /* Build configuration list for PBXNativeTarget "TVArchive" */;
			buildPhases = (
				40C9B6482156C8BF00BD1585 /* Sources */,
				40C9B6492156C8BF00BD1585 /* Frameworks */,
				40C9B64A2156C8BF00BD1585 /* Resources */,
			);
			buildRules = (
			);
			dependencies = (
			);
			name = TVArchive;
			productName = TVArchive;
			productReference = 40C9B64C2156C8BF00BD1585 /* TVArchive.app */;
			productType = "com.apple.product-type.application";
		};
		40C9B6582156C8BF00BD1585 /* TVArchiveTests */ = {
			isa = PBXNativeTarget;
			buildConfigurationList = 40C9B6702156C8BF00BD1585 /* Build configuration list for PBXNativeTarget "TVArchiveTests" */;
			buildPhases = (
				40C9B6552156C8BF00BD1585 /* Sources */,
				40C9B6562156C8BF00BD1585 /* Frameworks */,
				40C9B6572156C8BF00BD1585 /* Resources */,
			);
			buildRules = (
			);
			dependencies = (
				40C9B65B2156C8BF00BD1585 /* PBXTargetDependency */,
			);
			name = TVArchiveTests;
			productName = TVArchiveTests;
			productReference = 40C9B6592156C8BF00BD1585 /* TVArchiveTests.xctest */;
			productType = "com.apple.product-type.bundle.unit-test";
		};
		40C9B6632156C8BF00BD1585 /* TVArchiveUITests */ = {
			isa = PBXNativeTarget;
			buildConfigurationList = 40C9B6732156C8BF00BD1585 /* Build configuration list for PBXNativeTarget "TVArchiveUITests" */;
			buildPhases = (
				40C9B6602156C8BF00BD1585 /* Sources */,
				40C9B6612156C8BF00BD1585 /* Frameworks */,
				40C9B6622156C8BF00BD1585 /* Resources */,
			);
			buildRules = (
			);
			dependencies = (
				40C9B6662156C8BF00BD1585 /* PBXTargetDependency */,
			);
			name = TVArchiveUITests;
			productName = TVArchiveUITests;
			productReference = 40C9B6642156C8BF00BD1585 /* TVArchiveUITests.xctest */;
			productType = "com.apple.product-type.bundle.ui-testing";
		};
/* End PBXNativeTarget section */

/* Begin PBXProject section */
		40C9B6442156C8BF00BD1585 /* Project object */ = {
			isa = PBXProject;
			attributes = {
				LastSwiftUpdateCheck = 0900;
				LastUpgradeCheck = 0900;
				ORGANIZATIONNAME = tracey;
				TargetAttributes = {
					40C9B64B2156C8BF00BD1585 = {
						CreatedOnToolsVersion = 9.0;
						ProvisioningStyle = Automatic;
					};
					40C9B6582156C8BF00BD1585 = {
						CreatedOnToolsVersion = 9.0;
						ProvisioningStyle = Automatic;
						TestTargetID = 40C9B64B2156C8BF00BD1585;
					};
					40C9B6632156C8BF00BD1585 = {
						CreatedOnToolsVersion = 9.0;
						ProvisioningStyle = Automatic;
						TestTargetID = 40C9B64B2156C8BF00BD1585;
					};
				};
			};
			buildConfigurationList = 40C9B6472156C8BF00BD1585 /* Build configuration list for PBXProject "TVArchive" */;
			compatibilityVersion = "Xcode 8.0";
			developmentRegion = en;
			hasScannedForEncodings = 0;
			knownRegions = (
				en,
			);
			mainGroup = 40C9B6432156C8BF00BD1585;
			productRefGroup = 40C9B64D2156C8BF00BD1585 /* Products */;
			projectDirPath = "";
			projectRoot = "";
			targets = (
				40C9B64B2156C8BF00BD1585 /* TVArchive */,
				40C9B6582156C8BF00BD1585 /* TVArchiveTests */,
				40C9B6632156C8BF00BD1585 /* TVArchiveUITests */,
			);
		};
/* End PBXProject section */

/* Begin PBXResourcesBuildPhase section */
		40C9B64A2156C8BF00BD1585 /* Resources */ = {
			isa = PBXResourcesBuildPhase;
			buildActionMask = 2147483647;
			files = (
				40C9B6532156C8BF00BD1585 /* Assets.xcassets in Resources */,
				400A2523215EA7B5008EDEDC /* TVArchive.js in Resources */,
			);
			runOnlyForDeploymentPostprocessing = 0;
		};
		40C9B6572156C8BF00BD1585 /* Resources */ = {
			isa = PBXResourcesBuildPhase;
			buildActionMask = 2147483647;
			files = (
			);
			runOnlyForDeploymentPostprocessing = 0;
		};
		40C9B6622156C8BF00BD1585 /* Resources */ = {
			isa = PBXResourcesBuildPhase;
			buildActionMask = 2147483647;
			files = (
			);
			runOnlyForDeploymentPostprocessing = 0;
		};
/* End PBXResourcesBuildPhase section */

/* Begin PBXSourcesBuildPhase section */
		40C9B6482156C8BF00BD1585 /* Sources */ = {
			isa = PBXSourcesBuildPhase;
			buildActionMask = 2147483647;
			files = (
				40C9B6502156C8BF00BD1585 /* AppDelegate.swift in Sources */,
			);
			runOnlyForDeploymentPostprocessing = 0;
		};
		40C9B6552156C8BF00BD1585 /* Sources */ = {
			isa = PBXSourcesBuildPhase;
			buildActionMask = 2147483647;
			files = (
				40C9B65E2156C8BF00BD1585 /* TVArchiveTests.swift in Sources */,
			);
			runOnlyForDeploymentPostprocessing = 0;
		};
		40C9B6602156C8BF00BD1585 /* Sources */ = {
			isa = PBXSourcesBuildPhase;
			buildActionMask = 2147483647;
			files = (
				40C9B6692156C8BF00BD1585 /* TVArchiveUITests.swift in Sources */,
			);
			runOnlyForDeploymentPostprocessing = 0;
		};
/* End PBXSourcesBuildPhase section */

/* Begin PBXTargetDependency section */
		40C9B65B2156C8BF00BD1585 /* PBXTargetDependency */ = {
			isa = PBXTargetDependency;
			target = 40C9B64B2156C8BF00BD1585 /* TVArchive */;
			targetProxy = 40C9B65A2156C8BF00BD1585 /* PBXContainerItemProxy */;
		};
		40C9B6662156C8BF00BD1585 /* PBXTargetDependency */ = {
			isa = PBXTargetDependency;
			target = 40C9B64B2156C8BF00BD1585 /* TVArchive */;
			targetProxy = 40C9B6652156C8BF00BD1585 /* PBXContainerItemProxy */;
		};
/* End PBXTargetDependency section */

/* Begin XCBuildConfiguration section */
		40C9B66B2156C8BF00BD1585 /* Debug */ = {
			isa = XCBuildConfiguration;
			buildSettings = {
				ALWAYS_SEARCH_USER_PATHS = NO;
				CLANG_ANALYZER_NONNULL = YES;
				CLANG_ANALYZER_NUMBER_OBJECT_CONVERSION = YES_AGGRESSIVE;
				CLANG_CXX_LANGUAGE_STANDARD = "gnu++14";
				CLANG_CXX_LIBRARY = "libc++";
				CLANG_ENABLE_MODULES = YES;
				CLANG_ENABLE_OBJC_ARC = YES;
				CLANG_WARN_BLOCK_CAPTURE_AUTORELEASING = YES;
				CLANG_WARN_BOOL_CONVERSION = YES;
				CLANG_WARN_COMMA = YES;
				CLANG_WARN_CONSTANT_CONVERSION = YES;
				CLANG_WARN_DIRECT_OBJC_ISA_USAGE = YES_ERROR;
				CLANG_WARN_DOCUMENTATION_COMMENTS = YES;
				CLANG_WARN_EMPTY_BODY = YES;
				CLANG_WARN_ENUM_CONVERSION = YES;
				CLANG_WARN_INFINITE_RECURSION = YES;
				CLANG_WARN_INT_CONVERSION = YES;
				CLANG_WARN_NON_LITERAL_NULL_CONVERSION = YES;
				CLANG_WARN_OBJC_LITERAL_CONVERSION = YES;
				CLANG_WARN_OBJC_ROOT_CLASS = YES_ERROR;
				CLANG_WARN_RANGE_LOOP_ANALYSIS = YES;
				CLANG_WARN_STRICT_PROTOTYPES = YES;
				CLANG_WARN_SUSPICIOUS_MOVE = YES;
				CLANG_WARN_UNGUARDED_AVAILABILITY = YES_AGGRESSIVE;
				CLANG_WARN_UNREACHABLE_CODE = YES;
				CLANG_WARN__DUPLICATE_METHOD_MATCH = YES;
				COPY_PHASE_STRIP = NO;
				DEBUG_INFORMATION_FORMAT = dwarf;
				ENABLE_STRICT_OBJC_MSGSEND = YES;
				ENABLE_TESTABILITY = YES;
				GCC_C_LANGUAGE_STANDARD = gnu11;
				GCC_DYNAMIC_NO_PIC = NO;
				GCC_NO_COMMON_BLOCKS = YES;
				GCC_OPTIMIZATION_LEVEL = 0;
				GCC_PREPROCESSOR_DEFINITIONS = (
					"DEBUG=1",
					"$(inherited)",
				);
				GCC_WARN_64_TO_32_BIT_CONVERSION = YES;
				GCC_WARN_ABOUT_RETURN_TYPE = YES_ERROR;
				GCC_WARN_UNDECLARED_SELECTOR = YES;
				GCC_WARN_UNINITIALIZED_AUTOS = YES_AGGRESSIVE;
				GCC_WARN_UNUSED_FUNCTION = YES;
				GCC_WARN_UNUSED_VARIABLE = YES;
				MTL_ENABLE_DEBUG_INFO = YES;
				ONLY_ACTIVE_ARCH = YES;
				SDKROOT = appletvos;
				SWIFT_ACTIVE_COMPILATION_CONDITIONS = DEBUG;
				SWIFT_OPTIMIZATION_LEVEL = "-Onone";
				TVOS_DEPLOYMENT_TARGET = 11.0;
			};
			name = Debug;
		};
		40C9B66C2156C8BF00BD1585 /* Release */ = {
			isa = XCBuildConfiguration;
			buildSettings = {
				ALWAYS_SEARCH_USER_PATHS = NO;
				CLANG_ANALYZER_NONNULL = YES;
				CLANG_ANALYZER_NUMBER_OBJECT_CONVERSION = YES_AGGRESSIVE;
				CLANG_CXX_LANGUAGE_STANDARD = "gnu++14";
				CLANG_CXX_LIBRARY = "libc++";
				CLANG_ENABLE_MODULES = YES;
				CLANG_ENABLE_OBJC_ARC = YES;
				CLANG_WARN_BLOCK_CAPTURE_AUTORELEASING = YES;
				CLANG_WARN_BOOL_CONVERSION = YES;
				CLANG_WARN_COMMA = YES;
				CLANG_WARN_CONSTANT_CONVERSION = YES;
				CLANG_WARN_DIRECT_OBJC_ISA_USAGE = YES_ERROR;
				CLANG_WARN_DOCUMENTATION_COMMENTS = YES;
				CLANG_WARN_EMPTY_BODY = YES;
				CLANG_WARN_ENUM_CONVERSION = YES;
				CLANG_WARN_INFINITE_RECURSION = YES;
				CLANG_WARN_INT_CONVERSION = YES;
				CLANG_WARN_NON_LITERAL_NULL_CONVERSION = YES;
				CLANG_WARN_OBJC_LITERAL_CONVERSION = YES;
				CLANG_WARN_OBJC_ROOT_CLASS = YES_ERROR;
				CLANG_WARN_RANGE_LOOP_ANALYSIS = YES;
				CLANG_WARN_STRICT_PROTOTYPES = YES;
				CLANG_WARN_SUSPICIOUS_MOVE = YES;
				CLANG_WARN_UNGUARDED_AVAILABILITY = YES_AGGRESSIVE;
				CLANG_WARN_UNREACHABLE_CODE = YES;
				CLANG_WARN__DUPLICATE_METHOD_MATCH = YES;
				COPY_PHASE_STRIP = NO;
				DEBUG_INFORMATION_FORMAT = "dwarf-with-dsym";
				ENABLE_NS_ASSERTIONS = NO;
				ENABLE_STRICT_OBJC_MSGSEND = YES;
				GCC_C_LANGUAGE_STANDARD = gnu11;
				GCC_NO_COMMON_BLOCKS = YES;
				GCC_WARN_64_TO_32_BIT_CONVERSION = YES;
				GCC_WARN_ABOUT_RETURN_TYPE = YES_ERROR;
				GCC_WARN_UNDECLARED_SELECTOR = YES;
				GCC_WARN_UNINITIALIZED_AUTOS = YES_AGGRESSIVE;
				GCC_WARN_UNUSED_FUNCTION = YES;
				GCC_WARN_UNUSED_VARIABLE = YES;
				MTL_ENABLE_DEBUG_INFO = NO;
				SDKROOT = appletvos;
				SWIFT_OPTIMIZATION_LEVEL = "-Owholemodule";
				TVOS_DEPLOYMENT_TARGET = 11.0;
				VALIDATE_PRODUCT = YES;
			};
			name = Release;
		};
		40C9B66E2156C8BF00BD1585 /* Debug */ = {
			isa = XCBuildConfiguration;
			buildSettings = {
				ASSETCATALOG_COMPILER_APPICON_NAME = "App Icon & Top Shelf Image";
				ASSETCATALOG_COMPILER_LAUNCHIMAGE_NAME = LaunchImage;
				CODE_SIGN_STYLE = Automatic;
				DEVELOPMENT_TEAM = ZSFX78H3ZT;
				INFOPLIST_FILE = TVArchive/Info.plist;
				LD_RUNPATH_SEARCH_PATHS = "$(inherited) @executable_path/Frameworks";
				PRODUCT_BUNDLE_IDENTIFIER = poohbot.TVArchive;
				PRODUCT_NAME = "$(TARGET_NAME)";
				SWIFT_VERSION = 4.0;
				TARGETED_DEVICE_FAMILY = 3;
			};
			name = Debug;
		};
		40C9B66F2156C8BF00BD1585 /* Release */ = {
			isa = XCBuildConfiguration;
			buildSettings = {
				ASSETCATALOG_COMPILER_APPICON_NAME = "App Icon & Top Shelf Image";
				ASSETCATALOG_COMPILER_LAUNCHIMAGE_NAME = LaunchImage;
				CODE_SIGN_STYLE = Automatic;
				DEVELOPMENT_TEAM = ZSFX78H3ZT;
				INFOPLIST_FILE = TVArchive/Info.plist;
				LD_RUNPATH_SEARCH_PATHS = "$(inherited) @executable_path/Frameworks";
				PRODUCT_BUNDLE_IDENTIFIER = poohbot.TVArchive;
				PRODUCT_NAME = "$(TARGET_NAME)";
				SWIFT_VERSION = 4.0;
				TARGETED_DEVICE_FAMILY = 3;
			};
			name = Release;
		};
		40C9B6712156C8BF00BD1585 /* Debug */ = {
			isa = XCBuildConfiguration;
			buildSettings = {
				ALWAYS_EMBED_SWIFT_STANDARD_LIBRARIES = YES;
				BUNDLE_LOADER = "$(TEST_HOST)";
				CODE_SIGN_STYLE = Automatic;
				DEVELOPMENT_TEAM = 5F2AE5X2J9;
				INFOPLIST_FILE = TVArchiveTests/Info.plist;
				LD_RUNPATH_SEARCH_PATHS = "$(inherited) @executable_path/Frameworks @loader_path/Frameworks";
				PRODUCT_BUNDLE_IDENTIFIER = poohbot.TVArchiveTests;
				PRODUCT_NAME = "$(TARGET_NAME)";
				SWIFT_VERSION = 4.0;
				TARGETED_DEVICE_FAMILY = 3;
				TEST_HOST = "$(BUILT_PRODUCTS_DIR)/TVArchive.app/TVArchive";
			};
			name = Debug;
		};
		40C9B6722156C8BF00BD1585 /* Release */ = {
			isa = XCBuildConfiguration;
			buildSettings = {
				ALWAYS_EMBED_SWIFT_STANDARD_LIBRARIES = YES;
				BUNDLE_LOADER = "$(TEST_HOST)";
				CODE_SIGN_STYLE = Automatic;
				DEVELOPMENT_TEAM = 5F2AE5X2J9;
				INFOPLIST_FILE = TVArchiveTests/Info.plist;
				LD_RUNPATH_SEARCH_PATHS = "$(inherited) @executable_path/Frameworks @loader_path/Frameworks";
				PRODUCT_BUNDLE_IDENTIFIER = poohbot.TVArchiveTests;
				PRODUCT_NAME = "$(TARGET_NAME)";
				SWIFT_VERSION = 4.0;
				TARGETED_DEVICE_FAMILY = 3;
				TEST_HOST = "$(BUILT_PRODUCTS_DIR)/TVArchive.app/TVArchive";
			};
			name = Release;
		};
		40C9B6742156C8BF00BD1585 /* Debug */ = {
			isa = XCBuildConfiguration;
			buildSettings = {
				ALWAYS_EMBED_SWIFT_STANDARD_LIBRARIES = YES;
				CODE_SIGN_STYLE = Automatic;
				DEVELOPMENT_TEAM = 5F2AE5X2J9;
				INFOPLIST_FILE = TVArchiveUITests/Info.plist;
				LD_RUNPATH_SEARCH_PATHS = "$(inherited) @executable_path/Frameworks @loader_path/Frameworks";
				PRODUCT_BUNDLE_IDENTIFIER = poohbot.TVArchiveUITests;
				PRODUCT_NAME = "$(TARGET_NAME)";
				SWIFT_VERSION = 4.0;
				TARGETED_DEVICE_FAMILY = 3;
				TEST_TARGET_NAME = TVArchive;
			};
			name = Debug;
		};
		40C9B6752156C8BF00BD1585 /* Release */ = {
			isa = XCBuildConfiguration;
			buildSettings = {
				ALWAYS_EMBED_SWIFT_STANDARD_LIBRARIES = YES;
				CODE_SIGN_STYLE = Automatic;
				DEVELOPMENT_TEAM = 5F2AE5X2J9;
				INFOPLIST_FILE = TVArchiveUITests/Info.plist;
				LD_RUNPATH_SEARCH_PATHS = "$(inherited) @executable_path/Frameworks @loader_path/Frameworks";
				PRODUCT_BUNDLE_IDENTIFIER = poohbot.TVArchiveUITests;
				PRODUCT_NAME = "$(TARGET_NAME)";
				SWIFT_VERSION = 4.0;
				TARGETED_DEVICE_FAMILY = 3;
				TEST_TARGET_NAME = TVArchive;
			};
			name = Release;
		};
/* End XCBuildConfiguration section */

/* Begin XCConfigurationList section */
		40C9B6472156C8BF00BD1585 /* Build configuration list for PBXProject "TVArchive" */ = {
			isa = XCConfigurationList;
			buildConfigurations = (
				40C9B66B2156C8BF00BD1585 /* Debug */,
				40C9B66C2156C8BF00BD1585 /* Release */,
			);
			defaultConfigurationIsVisible = 0;
			defaultConfigurationName = Release;
		};
		40C9B66D2156C8BF00BD1585 /* Build configuration list for PBXNativeTarget "TVArchive" */ = {
			isa = XCConfigurationList;
			buildConfigurations = (
				40C9B66E2156C8BF00BD1585 /* Debug */,
				40C9B66F2156C8BF00BD1585 /* Release */,
			);
			defaultConfigurationIsVisible = 0;
			defaultConfigurationName = Release;
		};
		40C9B6702156C8BF00BD1585 /* Build configuration list for PBXNativeTarget "TVArchiveTests" */ = {
			isa = XCConfigurationList;
			buildConfigurations = (
				40C9B6712156C8BF00BD1585 /* Debug */,
				40C9B6722156C8BF00BD1585 /* Release */,
			);
			defaultConfigurationIsVisible = 0;
			defaultConfigurationName = Release;
		};
		40C9B6732156C8BF00BD1585 /* Build configuration list for PBXNativeTarget "TVArchiveUITests" */ = {
			isa = XCConfigurationList;
			buildConfigurations = (
				40C9B6742156C8BF00BD1585 /* Debug */,
				40C9B6752156C8BF00BD1585 /* Release */,
			);
			defaultConfigurationIsVisible = 0;
			defaultConfigurationName = Release;
		};
/* End XCConfigurationList section */
	};
	rootObject = 40C9B6442156C8BF00BD1585 /* Project object */;
}
